
Microsoft Visual Studio Solution File, Format Version 12.00
Project("{FAE04EC0-301F-11D3-BF4B-00C04F79EFBC}") = "FashionFace.Executable.WebApi", "FashionFace.Executable.WebApi\FashionFace.Executable.WebApi.csproj", "{ACE0776C-AE27-4DA0-BE79-83CDC1DA5748}"
EndProject
Project("{2150E333-8FDC-42A3-9474-1A3956D46DE8}") = "Executable", "Executable", "{8B56EEFF-7026-4D28-9A8E-499765367DC5}"
EndProject
Project("{FAE04EC0-301F-11D3-BF4B-00C04F79EFBC}") = "FashionFace.Executable.Console.Playground", "FashionFace.Executable.Console.Playground\FashionFace.Executable.Console.Playground.csproj", "{DC65C166-CBB6-4EF5-8F9D-8B27FBD93E07}"
EndProject
Project("{FAE04EC0-301F-11D3-BF4B-00C04F79EFBC}") = "FashionFace.Services.Singleton", "FashionFace.Services.Singleton\FashionFace.Services.Singleton.csproj", "{5AFC131A-03C4-4B38-8436-3A40E1A28A76}"
EndProject
Project("{FAE04EC0-301F-11D3-BF4B-00C04F79EFBC}") = "FashionFace.Controllers.Users", "FashionFace.Controllers.Users\FashionFace.Controllers.Users.csproj", "{2017725A-8FAD-44CB-A0B9-67D8E1FE3F1A}"
EndProject
Project("{FAE04EC0-301F-11D3-BF4B-00C04F79EFBC}") = "FashionFace.Facades.Users", "FashionFace.Facades.Users\FashionFace.Facades.Users.csproj", "{B7C34DC2-6767-4E57-B2E3-CBB584FA9231}"
EndProject
Project("{FAE04EC0-301F-11D3-BF4B-00C04F79EFBC}") = "FashionFace.Common.Extensions.Dependencies", "FashionFace.Common.Extensions.Dependencies\FashionFace.Common.Extensions.Dependencies.csproj", "{C62142D7-7095-4164-BF15-7B69787221E1}"
EndProject
Project("{FAE04EC0-301F-11D3-BF4B-00C04F79EFBC}") = "FashionFace.Services.ConfigurationSettings", "FashionFace.Services.ConfigurationSettings\FashionFace.Services.ConfigurationSettings.csproj", "{640515AD-C003-4996-8944-B5EBD80EDD06}"
EndProject
Project("{2150E333-8FDC-42A3-9474-1A3956D46DE8}") = "Solution Items", "Solution Items", "{D8FE370C-1921-4713-A10C-021B4B60757B}"
	ProjectSection(SolutionItems) = preProject
		docker-compose.yml = docker-compose.yml
	EndProjectSection
EndProject
Project("{2150E333-8FDC-42A3-9474-1A3956D46DE8}") = "Repositories", "Repositories", "{86DF73FB-6AE1-40CF-9536-D1E91D39D2E2}"
EndProject
Project("{FAE04EC0-301F-11D3-BF4B-00C04F79EFBC}") = "FashionFace.Repositories.Transactions", "FashionFace.Repositories.Transactions\FashionFace.Repositories.Transactions.csproj", "{3AE733F8-AB96-43AE-AFC0-EB99B77C7103}"
EndProject
Project("{FAE04EC0-301F-11D3-BF4B-00C04F79EFBC}") = "FashionFace.Repositories.Read", "FashionFace.Repositories.Read\FashionFace.Repositories.Read.csproj", "{C02D4693-BB32-43F4-AC89-7077D88214F2}"
EndProject
Project("{FAE04EC0-301F-11D3-BF4B-00C04F79EFBC}") = "FashionFace.Repositories", "FashionFace.Repositories\FashionFace.Repositories.csproj", "{4C8EBEB5-20E1-4EED-B272-E358A582C472}"
EndProject
Project("{FAE04EC0-301F-11D3-BF4B-00C04F79EFBC}") = "FashionFace.Repositories.Context", "FashionFace.Repositories.Context\FashionFace.Repositories.Context.csproj", "{0ED68D07-DBA1-4AA6-B736-44003F21A4CA}"
EndProject
Project("{2150E333-8FDC-42A3-9474-1A3956D46DE8}") = "Dependencies", "Dependencies", "{E43C653E-C18F-4866-9F1E-638925A315E4}"
EndProject
Project("{FAE04EC0-301F-11D3-BF4B-00C04F79EFBC}") = "FashionFace.Dependencies.Identity", "FashionFace.Dependencies.Identity\FashionFace.Dependencies.Identity.csproj", "{EB0E9CB0-642B-43D7-BA7C-28757BCCD215}"
EndProject
Project("{2150E333-8FDC-42A3-9474-1A3956D46DE8}") = "Common", "Common", "{6DF37BFF-42BE-418B-8556-4354A79CECB8}"
EndProject
Project("{FAE04EC0-301F-11D3-BF4B-00C04F79EFBC}") = "FashionFace.Common.Exceptions", "FashionFace.Common.Exceptions\FashionFace.Common.Exceptions.csproj", "{51C7AA7C-723C-472C-99D6-6FB9177B4B57}"
EndProject
Project("{FAE04EC0-301F-11D3-BF4B-00C04F79EFBC}") = "FashionFace.Dependencies.Logger", "FashionFace.Dependencies.Logger\FashionFace.Dependencies.Logger.csproj", "{C8487EA5-4D19-49D1-9D88-8FAAB87F2879}"
EndProject
Project("{FAE04EC0-301F-11D3-BF4B-00C04F79EFBC}") = "FashionFace.Dependencies.Serialization", "FashionFace.Dependencies.Serialization\FashionFace.Dependencies.Serialization.csproj", "{EC9E6973-9644-4907-8F91-8A941D4E7E46}"
EndProject
Project("{FAE04EC0-301F-11D3-BF4B-00C04F79EFBC}") = "FashionFace.Dependencies.HttpClient", "FashionFace.Dependencies.HttpClient\FashionFace.Dependencies.HttpClient.csproj", "{798DC8DD-814D-422F-A74E-5919266EB3EF}"
EndProject
Project("{FAE04EC0-301F-11D3-BF4B-00C04F79EFBC}") = "FashionFace.Common.Constants", "FashionFace.Common.Constants\FashionFace.Common.Constants.csproj", "{FC6B3DF6-8B31-4551-B926-5187C6BCB7A3}"
EndProject
Project("{FAE04EC0-301F-11D3-BF4B-00C04F79EFBC}") = "FashionFace.Facades.Domains", "FashionFace.Facades.Domains\FashionFace.Facades.Domains.csproj", "{FB9FD2F3-8BDE-419E-9B32-BD28091FBA37}"
EndProject
Project("{2150E333-8FDC-42A3-9474-1A3956D46DE8}") = "Facades", "Facades", "{41DF6FDC-46B1-4610-A756-B8E1251FC2A8}"
EndProject
Project("{FAE04EC0-301F-11D3-BF4B-00C04F79EFBC}") = "FashionFace.Facades.Base", "FashionFace.Facades.Base\FashionFace.Facades.Base.csproj", "{2F5D39EC-21A0-4F3F-90F7-1C3B6B2DE5DD}"
EndProject
Project("{2150E333-8FDC-42A3-9474-1A3956D46DE8}") = "Services", "Services", "{6ABD4688-6130-4C47-B8FD-E345F4D0C5FC}"
EndProject
Project("{2150E333-8FDC-42A3-9474-1A3956D46DE8}") = "Controllers", "Controllers", "{904096B1-1D27-4C05-92F9-56126A5F91B2}"
EndProject
Project("{FAE04EC0-301F-11D3-BF4B-00C04F79EFBC}") = "FashionFace.Executable.Console.Migration", "FashionFace.Executable.Console.Migration\FashionFace.Executable.Console.Migration.csproj", "{C26083A6-6399-4661-B3A4-AD46CF13D7C9}"
EndProject
Project("{FAE04EC0-301F-11D3-BF4B-00C04F79EFBC}") = "FashionFace.Executable.Blazor.App", "FashionFace.Executable.Blazor.App\FashionFace.Executable.Blazor.App.csproj", "{4BE51DBB-3502-4C0F-9B0A-C2257AF5AE8A}"
EndProject
Project("{FAE04EC0-301F-11D3-BF4B-00C04F79EFBC}") = "FashionFace.Controllers.Users.Requests", "FashionFace.Controllers.Users.Requests\FashionFace.Controllers.Users.Requests.csproj", "{F3218D63-FAE0-41A8-B435-4FAFAD846267}"
EndProject
Project("{FAE04EC0-301F-11D3-BF4B-00C04F79EFBC}") = "FashionFace.Controllers.Users.Responses", "FashionFace.Controllers.Users.Responses\FashionFace.Controllers.Users.Responses.csproj", "{84E25208-3601-40F1-8C85-F1A3309A6379}"
EndProject
Project("{FAE04EC0-301F-11D3-BF4B-00C04F79EFBC}") = "FashionFace.Common.Models", "FashionFace.Common.Models\FashionFace.Common.Models.csproj", "{FE479732-B74E-45AB-AC36-E594C09FB1F2}"
EndProject
Project("{FAE04EC0-301F-11D3-BF4B-00C04F79EFBC}") = "FashionFace.Executable.Blazor.WebAssembly", "FashionFace.Executable.Blazor.WebAssembly\FashionFace.Executable.Blazor.WebAssembly.csproj", "{4A186E67-2A3E-4C59-9D4D-0930D48E45BB}"
EndProject
Project("{FAE04EC0-301F-11D3-BF4B-00C04F79EFBC}") = "FashionFace.Dependencies.Crypt", "FashionFace.Dependencies.Crypt\FashionFace.Dependencies.Crypt.csproj", "{2D1042CC-1A30-4E76-9F20-48A9284C1CE1}"
EndProject
Project("{FAE04EC0-301F-11D3-BF4B-00C04F79EFBC}") = "FashionFace.Dependencies.SkiaSharp", "FashionFace.Dependencies.SkiaSharp\FashionFace.Dependencies.SkiaSharp.csproj", "{597D89D6-3314-4C26-B828-5E03339E0A6C}"
EndProject
Project("{FAE04EC0-301F-11D3-BF4B-00C04F79EFBC}") = "FashionFace.Controllers.Base", "FashionFace.Controllers.Base\FashionFace.Controllers.Base.csproj", "{12791E43-7356-45BD-A5A0-407EB9465EE2}"
EndProject
Project("{FAE04EC0-301F-11D3-BF4B-00C04F79EFBC}") = "FashionFace.Controllers.Admins", "FashionFace.Controllers.Admins\FashionFace.Controllers.Admins.csproj", "{A261ED67-8C22-41E5-9119-D29CBDA18257}"
EndProject
Project("{FAE04EC0-301F-11D3-BF4B-00C04F79EFBC}") = "FashionFace.Controllers.Anonymous", "FashionFace.Controllers.Anonymous\FashionFace.Controllers.Anonymous.csproj", "{96D5401F-FA6A-4BC7-AF2D-FC2CDC0C94C6}"
EndProject
Project("{FAE04EC0-301F-11D3-BF4B-00C04F79EFBC}") = "FashionFace.Controllers.Admins.Requests", "FashionFace.Controllers.Admins.Requests\FashionFace.Controllers.Admins.Requests.csproj", "{44B34586-9916-4912-86D2-C7D1DBFB592D}"
EndProject
Project("{FAE04EC0-301F-11D3-BF4B-00C04F79EFBC}") = "FashionFace.Controllers.Admins.Responses", "FashionFace.Controllers.Admins.Responses\FashionFace.Controllers.Admins.Responses.csproj", "{6E0BA92D-7328-46F8-A93E-3447CE66A21F}"
EndProject
Project("{FAE04EC0-301F-11D3-BF4B-00C04F79EFBC}") = "FashionFace.Controllers.Anonymous.Responses", "FashionFace.Controllers.Anonymous.Responses\FashionFace.Controllers.Anonymous.Responses.csproj", "{7F6BECCF-51CE-4E5C-AE66-7386B549BE54}"
EndProject
Project("{FAE04EC0-301F-11D3-BF4B-00C04F79EFBC}") = "FashionFace.Controllers.Anonymous.Requests", "FashionFace.Controllers.Anonymous.Requests\FashionFace.Controllers.Anonymous.Requests.csproj", "{B1657572-8144-4C70-83C8-A54D04768A75}"
EndProject
Project("{FAE04EC0-301F-11D3-BF4B-00C04F79EFBC}") = "FashionFace.Facades.Admins", "FashionFace.Facades.Admins\FashionFace.Facades.Admins.csproj", "{106D06FC-E62B-438D-A339-3671054FAC0B}"
EndProject
Project("{FAE04EC0-301F-11D3-BF4B-00C04F79EFBC}") = "FashionFace.Facades.Anonymous", "FashionFace.Facades.Anonymous\FashionFace.Facades.Anonymous.csproj", "{80849109-EE8D-44B6-9F28-F3803A252F4A}"
EndProject
Project("{FAE04EC0-301F-11D3-BF4B-00C04F79EFBC}") = "FashionFace.Controllers.Base.Responses", "FashionFace.Controllers.Base.Responses\FashionFace.Controllers.Base.Responses.csproj", "{C19DE686-8D24-46C5-ADE9-F38EFC500E86}"
EndProject
Project("{FAE04EC0-301F-11D3-BF4B-00C04F79EFBC}") = "FashionFace.Dependencies.AutoMapper", "FashionFace.Dependencies.AutoMapper\FashionFace.Dependencies.AutoMapper.csproj", "{415A926E-4D3B-4A29-A023-86E63453B591}"
EndProject
Project("{FAE04EC0-301F-11D3-BF4B-00C04F79EFBC}") = "FashionFace.Common.Extensions", "FashionFace.Common.Extensions\FashionFace.Common.Extensions.csproj", "{67409F91-A702-41EB-B928-B51B78229E26}"
EndProject
Global
	GlobalSection(SolutionConfigurationPlatforms) = preSolution
		Debug|Any CPU = Debug|Any CPU
		Release|Any CPU = Release|Any CPU
	EndGlobalSection
	GlobalSection(ProjectConfigurationPlatforms) = postSolution
		{ACE0776C-AE27-4DA0-BE79-83CDC1DA5748}.Debug|Any CPU.ActiveCfg = Debug|Any CPU
		{ACE0776C-AE27-4DA0-BE79-83CDC1DA5748}.Debug|Any CPU.Build.0 = Debug|Any CPU
		{ACE0776C-AE27-4DA0-BE79-83CDC1DA5748}.Release|Any CPU.ActiveCfg = Release|Any CPU
		{ACE0776C-AE27-4DA0-BE79-83CDC1DA5748}.Release|Any CPU.Build.0 = Release|Any CPU
		{DC65C166-CBB6-4EF5-8F9D-8B27FBD93E07}.Debug|Any CPU.ActiveCfg = Debug|Any CPU
		{DC65C166-CBB6-4EF5-8F9D-8B27FBD93E07}.Debug|Any CPU.Build.0 = Debug|Any CPU
		{DC65C166-CBB6-4EF5-8F9D-8B27FBD93E07}.Release|Any CPU.ActiveCfg = Release|Any CPU
		{DC65C166-CBB6-4EF5-8F9D-8B27FBD93E07}.Release|Any CPU.Build.0 = Release|Any CPU
		{5AFC131A-03C4-4B38-8436-3A40E1A28A76}.Debug|Any CPU.ActiveCfg = Debug|Any CPU
		{5AFC131A-03C4-4B38-8436-3A40E1A28A76}.Debug|Any CPU.Build.0 = Debug|Any CPU
		{5AFC131A-03C4-4B38-8436-3A40E1A28A76}.Release|Any CPU.ActiveCfg = Release|Any CPU
		{5AFC131A-03C4-4B38-8436-3A40E1A28A76}.Release|Any CPU.Build.0 = Release|Any CPU
		{2017725A-8FAD-44CB-A0B9-67D8E1FE3F1A}.Debug|Any CPU.ActiveCfg = Debug|Any CPU
		{2017725A-8FAD-44CB-A0B9-67D8E1FE3F1A}.Debug|Any CPU.Build.0 = Debug|Any CPU
		{2017725A-8FAD-44CB-A0B9-67D8E1FE3F1A}.Release|Any CPU.ActiveCfg = Release|Any CPU
		{2017725A-8FAD-44CB-A0B9-67D8E1FE3F1A}.Release|Any CPU.Build.0 = Release|Any CPU
		{B7C34DC2-6767-4E57-B2E3-CBB584FA9231}.Debug|Any CPU.ActiveCfg = Debug|Any CPU
		{B7C34DC2-6767-4E57-B2E3-CBB584FA9231}.Debug|Any CPU.Build.0 = Debug|Any CPU
		{B7C34DC2-6767-4E57-B2E3-CBB584FA9231}.Release|Any CPU.ActiveCfg = Release|Any CPU
		{B7C34DC2-6767-4E57-B2E3-CBB584FA9231}.Release|Any CPU.Build.0 = Release|Any CPU
		{C62142D7-7095-4164-BF15-7B69787221E1}.Debug|Any CPU.ActiveCfg = Debug|Any CPU
		{C62142D7-7095-4164-BF15-7B69787221E1}.Debug|Any CPU.Build.0 = Debug|Any CPU
		{C62142D7-7095-4164-BF15-7B69787221E1}.Release|Any CPU.ActiveCfg = Release|Any CPU
		{C62142D7-7095-4164-BF15-7B69787221E1}.Release|Any CPU.Build.0 = Release|Any CPU
		{640515AD-C003-4996-8944-B5EBD80EDD06}.Debug|Any CPU.ActiveCfg = Debug|Any CPU
		{640515AD-C003-4996-8944-B5EBD80EDD06}.Debug|Any CPU.Build.0 = Debug|Any CPU
		{640515AD-C003-4996-8944-B5EBD80EDD06}.Release|Any CPU.ActiveCfg = Release|Any CPU
		{640515AD-C003-4996-8944-B5EBD80EDD06}.Release|Any CPU.Build.0 = Release|Any CPU
		{3AE733F8-AB96-43AE-AFC0-EB99B77C7103}.Debug|Any CPU.ActiveCfg = Debug|Any CPU
		{3AE733F8-AB96-43AE-AFC0-EB99B77C7103}.Debug|Any CPU.Build.0 = Debug|Any CPU
		{3AE733F8-AB96-43AE-AFC0-EB99B77C7103}.Release|Any CPU.ActiveCfg = Release|Any CPU
		{3AE733F8-AB96-43AE-AFC0-EB99B77C7103}.Release|Any CPU.Build.0 = Release|Any CPU
		{C02D4693-BB32-43F4-AC89-7077D88214F2}.Debug|Any CPU.ActiveCfg = Debug|Any CPU
		{C02D4693-BB32-43F4-AC89-7077D88214F2}.Debug|Any CPU.Build.0 = Debug|Any CPU
		{C02D4693-BB32-43F4-AC89-7077D88214F2}.Release|Any CPU.ActiveCfg = Release|Any CPU
		{C02D4693-BB32-43F4-AC89-7077D88214F2}.Release|Any CPU.Build.0 = Release|Any CPU
		{4C8EBEB5-20E1-4EED-B272-E358A582C472}.Debug|Any CPU.ActiveCfg = Debug|Any CPU
		{4C8EBEB5-20E1-4EED-B272-E358A582C472}.Debug|Any CPU.Build.0 = Debug|Any CPU
		{4C8EBEB5-20E1-4EED-B272-E358A582C472}.Release|Any CPU.ActiveCfg = Release|Any CPU
		{4C8EBEB5-20E1-4EED-B272-E358A582C472}.Release|Any CPU.Build.0 = Release|Any CPU
		{0ED68D07-DBA1-4AA6-B736-44003F21A4CA}.Debug|Any CPU.ActiveCfg = Debug|Any CPU
		{0ED68D07-DBA1-4AA6-B736-44003F21A4CA}.Debug|Any CPU.Build.0 = Debug|Any CPU
		{0ED68D07-DBA1-4AA6-B736-44003F21A4CA}.Release|Any CPU.ActiveCfg = Release|Any CPU
		{0ED68D07-DBA1-4AA6-B736-44003F21A4CA}.Release|Any CPU.Build.0 = Release|Any CPU
		{EB0E9CB0-642B-43D7-BA7C-28757BCCD215}.Debug|Any CPU.ActiveCfg = Debug|Any CPU
		{EB0E9CB0-642B-43D7-BA7C-28757BCCD215}.Debug|Any CPU.Build.0 = Debug|Any CPU
		{EB0E9CB0-642B-43D7-BA7C-28757BCCD215}.Release|Any CPU.ActiveCfg = Release|Any CPU
		{EB0E9CB0-642B-43D7-BA7C-28757BCCD215}.Release|Any CPU.Build.0 = Release|Any CPU
		{51C7AA7C-723C-472C-99D6-6FB9177B4B57}.Debug|Any CPU.ActiveCfg = Debug|Any CPU
		{51C7AA7C-723C-472C-99D6-6FB9177B4B57}.Debug|Any CPU.Build.0 = Debug|Any CPU
		{51C7AA7C-723C-472C-99D6-6FB9177B4B57}.Release|Any CPU.ActiveCfg = Release|Any CPU
		{51C7AA7C-723C-472C-99D6-6FB9177B4B57}.Release|Any CPU.Build.0 = Release|Any CPU
		{C8487EA5-4D19-49D1-9D88-8FAAB87F2879}.Debug|Any CPU.ActiveCfg = Debug|Any CPU
		{C8487EA5-4D19-49D1-9D88-8FAAB87F2879}.Debug|Any CPU.Build.0 = Debug|Any CPU
		{C8487EA5-4D19-49D1-9D88-8FAAB87F2879}.Release|Any CPU.ActiveCfg = Release|Any CPU
		{C8487EA5-4D19-49D1-9D88-8FAAB87F2879}.Release|Any CPU.Build.0 = Release|Any CPU
		{EC9E6973-9644-4907-8F91-8A941D4E7E46}.Debug|Any CPU.ActiveCfg = Debug|Any CPU
		{EC9E6973-9644-4907-8F91-8A941D4E7E46}.Debug|Any CPU.Build.0 = Debug|Any CPU
		{EC9E6973-9644-4907-8F91-8A941D4E7E46}.Release|Any CPU.ActiveCfg = Release|Any CPU
		{EC9E6973-9644-4907-8F91-8A941D4E7E46}.Release|Any CPU.Build.0 = Release|Any CPU
		{798DC8DD-814D-422F-A74E-5919266EB3EF}.Debug|Any CPU.ActiveCfg = Debug|Any CPU
		{798DC8DD-814D-422F-A74E-5919266EB3EF}.Debug|Any CPU.Build.0 = Debug|Any CPU
		{798DC8DD-814D-422F-A74E-5919266EB3EF}.Release|Any CPU.ActiveCfg = Release|Any CPU
		{798DC8DD-814D-422F-A74E-5919266EB3EF}.Release|Any CPU.Build.0 = Release|Any CPU
		{FC6B3DF6-8B31-4551-B926-5187C6BCB7A3}.Debug|Any CPU.ActiveCfg = Debug|Any CPU
		{FC6B3DF6-8B31-4551-B926-5187C6BCB7A3}.Debug|Any CPU.Build.0 = Debug|Any CPU
		{FC6B3DF6-8B31-4551-B926-5187C6BCB7A3}.Release|Any CPU.ActiveCfg = Release|Any CPU
		{FC6B3DF6-8B31-4551-B926-5187C6BCB7A3}.Release|Any CPU.Build.0 = Release|Any CPU
		{FB9FD2F3-8BDE-419E-9B32-BD28091FBA37}.Debug|Any CPU.ActiveCfg = Debug|Any CPU
		{FB9FD2F3-8BDE-419E-9B32-BD28091FBA37}.Debug|Any CPU.Build.0 = Debug|Any CPU
		{FB9FD2F3-8BDE-419E-9B32-BD28091FBA37}.Release|Any CPU.ActiveCfg = Release|Any CPU
		{FB9FD2F3-8BDE-419E-9B32-BD28091FBA37}.Release|Any CPU.Build.0 = Release|Any CPU
		{2F5D39EC-21A0-4F3F-90F7-1C3B6B2DE5DD}.Debug|Any CPU.ActiveCfg = Debug|Any CPU
		{2F5D39EC-21A0-4F3F-90F7-1C3B6B2DE5DD}.Debug|Any CPU.Build.0 = Debug|Any CPU
		{2F5D39EC-21A0-4F3F-90F7-1C3B6B2DE5DD}.Release|Any CPU.ActiveCfg = Release|Any CPU
		{2F5D39EC-21A0-4F3F-90F7-1C3B6B2DE5DD}.Release|Any CPU.Build.0 = Release|Any CPU
		{C26083A6-6399-4661-B3A4-AD46CF13D7C9}.Debug|Any CPU.ActiveCfg = Debug|Any CPU
		{C26083A6-6399-4661-B3A4-AD46CF13D7C9}.Debug|Any CPU.Build.0 = Debug|Any CPU
		{C26083A6-6399-4661-B3A4-AD46CF13D7C9}.Release|Any CPU.ActiveCfg = Release|Any CPU
		{C26083A6-6399-4661-B3A4-AD46CF13D7C9}.Release|Any CPU.Build.0 = Release|Any CPU
		{4BE51DBB-3502-4C0F-9B0A-C2257AF5AE8A}.Debug|Any CPU.ActiveCfg = Debug|Any CPU
		{4BE51DBB-3502-4C0F-9B0A-C2257AF5AE8A}.Debug|Any CPU.Build.0 = Debug|Any CPU
		{4BE51DBB-3502-4C0F-9B0A-C2257AF5AE8A}.Release|Any CPU.ActiveCfg = Release|Any CPU
		{4BE51DBB-3502-4C0F-9B0A-C2257AF5AE8A}.Release|Any CPU.Build.0 = Release|Any CPU
		{F3218D63-FAE0-41A8-B435-4FAFAD846267}.Debug|Any CPU.ActiveCfg = Debug|Any CPU
		{F3218D63-FAE0-41A8-B435-4FAFAD846267}.Debug|Any CPU.Build.0 = Debug|Any CPU
		{F3218D63-FAE0-41A8-B435-4FAFAD846267}.Release|Any CPU.ActiveCfg = Release|Any CPU
		{F3218D63-FAE0-41A8-B435-4FAFAD846267}.Release|Any CPU.Build.0 = Release|Any CPU
		{84E25208-3601-40F1-8C85-F1A3309A6379}.Debug|Any CPU.ActiveCfg = Debug|Any CPU
		{84E25208-3601-40F1-8C85-F1A3309A6379}.Debug|Any CPU.Build.0 = Debug|Any CPU
		{84E25208-3601-40F1-8C85-F1A3309A6379}.Release|Any CPU.ActiveCfg = Release|Any CPU
		{84E25208-3601-40F1-8C85-F1A3309A6379}.Release|Any CPU.Build.0 = Release|Any CPU
		{FE479732-B74E-45AB-AC36-E594C09FB1F2}.Debug|Any CPU.ActiveCfg = Debug|Any CPU
		{FE479732-B74E-45AB-AC36-E594C09FB1F2}.Debug|Any CPU.Build.0 = Debug|Any CPU
		{FE479732-B74E-45AB-AC36-E594C09FB1F2}.Release|Any CPU.ActiveCfg = Release|Any CPU
		{FE479732-B74E-45AB-AC36-E594C09FB1F2}.Release|Any CPU.Build.0 = Release|Any CPU
		{4A186E67-2A3E-4C59-9D4D-0930D48E45BB}.Debug|Any CPU.ActiveCfg = Debug|Any CPU
		{4A186E67-2A3E-4C59-9D4D-0930D48E45BB}.Debug|Any CPU.Build.0 = Debug|Any CPU
		{4A186E67-2A3E-4C59-9D4D-0930D48E45BB}.Release|Any CPU.ActiveCfg = Release|Any CPU
		{4A186E67-2A3E-4C59-9D4D-0930D48E45BB}.Release|Any CPU.Build.0 = Release|Any CPU
		{2D1042CC-1A30-4E76-9F20-48A9284C1CE1}.Debug|Any CPU.ActiveCfg = Debug|Any CPU
		{2D1042CC-1A30-4E76-9F20-48A9284C1CE1}.Debug|Any CPU.Build.0 = Debug|Any CPU
		{2D1042CC-1A30-4E76-9F20-48A9284C1CE1}.Release|Any CPU.ActiveCfg = Release|Any CPU
		{2D1042CC-1A30-4E76-9F20-48A9284C1CE1}.Release|Any CPU.Build.0 = Release|Any CPU
		{597D89D6-3314-4C26-B828-5E03339E0A6C}.Debug|Any CPU.ActiveCfg = Debug|Any CPU
		{597D89D6-3314-4C26-B828-5E03339E0A6C}.Debug|Any CPU.Build.0 = Debug|Any CPU
		{597D89D6-3314-4C26-B828-5E03339E0A6C}.Release|Any CPU.ActiveCfg = Release|Any CPU
		{597D89D6-3314-4C26-B828-5E03339E0A6C}.Release|Any CPU.Build.0 = Release|Any CPU
		{12791E43-7356-45BD-A5A0-407EB9465EE2}.Debug|Any CPU.ActiveCfg = Debug|Any CPU
		{12791E43-7356-45BD-A5A0-407EB9465EE2}.Debug|Any CPU.Build.0 = Debug|Any CPU
		{12791E43-7356-45BD-A5A0-407EB9465EE2}.Release|Any CPU.ActiveCfg = Release|Any CPU
		{12791E43-7356-45BD-A5A0-407EB9465EE2}.Release|Any CPU.Build.0 = Release|Any CPU
		{A261ED67-8C22-41E5-9119-D29CBDA18257}.Debug|Any CPU.ActiveCfg = Debug|Any CPU
		{A261ED67-8C22-41E5-9119-D29CBDA18257}.Debug|Any CPU.Build.0 = Debug|Any CPU
		{A261ED67-8C22-41E5-9119-D29CBDA18257}.Release|Any CPU.ActiveCfg = Release|Any CPU
		{A261ED67-8C22-41E5-9119-D29CBDA18257}.Release|Any CPU.Build.0 = Release|Any CPU
		{96D5401F-FA6A-4BC7-AF2D-FC2CDC0C94C6}.Debug|Any CPU.ActiveCfg = Debug|Any CPU
		{96D5401F-FA6A-4BC7-AF2D-FC2CDC0C94C6}.Debug|Any CPU.Build.0 = Debug|Any CPU
		{96D5401F-FA6A-4BC7-AF2D-FC2CDC0C94C6}.Release|Any CPU.ActiveCfg = Release|Any CPU
		{96D5401F-FA6A-4BC7-AF2D-FC2CDC0C94C6}.Release|Any CPU.Build.0 = Release|Any CPU
		{44B34586-9916-4912-86D2-C7D1DBFB592D}.Debug|Any CPU.ActiveCfg = Debug|Any CPU
		{44B34586-9916-4912-86D2-C7D1DBFB592D}.Debug|Any CPU.Build.0 = Debug|Any CPU
		{44B34586-9916-4912-86D2-C7D1DBFB592D}.Release|Any CPU.ActiveCfg = Release|Any CPU
		{44B34586-9916-4912-86D2-C7D1DBFB592D}.Release|Any CPU.Build.0 = Release|Any CPU
		{6E0BA92D-7328-46F8-A93E-3447CE66A21F}.Debug|Any CPU.ActiveCfg = Debug|Any CPU
		{6E0BA92D-7328-46F8-A93E-3447CE66A21F}.Debug|Any CPU.Build.0 = Debug|Any CPU
		{6E0BA92D-7328-46F8-A93E-3447CE66A21F}.Release|Any CPU.ActiveCfg = Release|Any CPU
		{6E0BA92D-7328-46F8-A93E-3447CE66A21F}.Release|Any CPU.Build.0 = Release|Any CPU
		{7F6BECCF-51CE-4E5C-AE66-7386B549BE54}.Debug|Any CPU.ActiveCfg = Debug|Any CPU
		{7F6BECCF-51CE-4E5C-AE66-7386B549BE54}.Debug|Any CPU.Build.0 = Debug|Any CPU
		{7F6BECCF-51CE-4E5C-AE66-7386B549BE54}.Release|Any CPU.ActiveCfg = Release|Any CPU
		{7F6BECCF-51CE-4E5C-AE66-7386B549BE54}.Release|Any CPU.Build.0 = Release|Any CPU
		{B1657572-8144-4C70-83C8-A54D04768A75}.Debug|Any CPU.ActiveCfg = Debug|Any CPU
		{B1657572-8144-4C70-83C8-A54D04768A75}.Debug|Any CPU.Build.0 = Debug|Any CPU
		{B1657572-8144-4C70-83C8-A54D04768A75}.Release|Any CPU.ActiveCfg = Release|Any CPU
		{B1657572-8144-4C70-83C8-A54D04768A75}.Release|Any CPU.Build.0 = Release|Any CPU
		{106D06FC-E62B-438D-A339-3671054FAC0B}.Debug|Any CPU.ActiveCfg = Debug|Any CPU
		{106D06FC-E62B-438D-A339-3671054FAC0B}.Debug|Any CPU.Build.0 = Debug|Any CPU
		{106D06FC-E62B-438D-A339-3671054FAC0B}.Release|Any CPU.ActiveCfg = Release|Any CPU
		{106D06FC-E62B-438D-A339-3671054FAC0B}.Release|Any CPU.Build.0 = Release|Any CPU
		{80849109-EE8D-44B6-9F28-F3803A252F4A}.Debug|Any CPU.ActiveCfg = Debug|Any CPU
		{80849109-EE8D-44B6-9F28-F3803A252F4A}.Debug|Any CPU.Build.0 = Debug|Any CPU
		{80849109-EE8D-44B6-9F28-F3803A252F4A}.Release|Any CPU.ActiveCfg = Release|Any CPU
		{80849109-EE8D-44B6-9F28-F3803A252F4A}.Release|Any CPU.Build.0 = Release|Any CPU
		{C19DE686-8D24-46C5-ADE9-F38EFC500E86}.Debug|Any CPU.ActiveCfg = Debug|Any CPU
		{C19DE686-8D24-46C5-ADE9-F38EFC500E86}.Debug|Any CPU.Build.0 = Debug|Any CPU
		{C19DE686-8D24-46C5-ADE9-F38EFC500E86}.Release|Any CPU.ActiveCfg = Release|Any CPU
		{C19DE686-8D24-46C5-ADE9-F38EFC500E86}.Release|Any CPU.Build.0 = Release|Any CPU
		{415A926E-4D3B-4A29-A023-86E63453B591}.Debug|Any CPU.ActiveCfg = Debug|Any CPU
		{415A926E-4D3B-4A29-A023-86E63453B591}.Debug|Any CPU.Build.0 = Debug|Any CPU
		{415A926E-4D3B-4A29-A023-86E63453B591}.Release|Any CPU.ActiveCfg = Release|Any CPU
		{415A926E-4D3B-4A29-A023-86E63453B591}.Release|Any CPU.Build.0 = Release|Any CPU
		{67409F91-A702-41EB-B928-B51B78229E26}.Debug|Any CPU.ActiveCfg = Debug|Any CPU
		{67409F91-A702-41EB-B928-B51B78229E26}.Debug|Any CPU.Build.0 = Debug|Any CPU
		{67409F91-A702-41EB-B928-B51B78229E26}.Release|Any CPU.ActiveCfg = Release|Any CPU
		{67409F91-A702-41EB-B928-B51B78229E26}.Release|Any CPU.Build.0 = Release|Any CPU
	EndGlobalSection
	GlobalSection(NestedProjects) = preSolution
		{ACE0776C-AE27-4DA0-BE79-83CDC1DA5748} = {8B56EEFF-7026-4D28-9A8E-499765367DC5}
		{DC65C166-CBB6-4EF5-8F9D-8B27FBD93E07} = {8B56EEFF-7026-4D28-9A8E-499765367DC5}
		{3AE733F8-AB96-43AE-AFC0-EB99B77C7103} = {86DF73FB-6AE1-40CF-9536-D1E91D39D2E2}
		{C02D4693-BB32-43F4-AC89-7077D88214F2} = {86DF73FB-6AE1-40CF-9536-D1E91D39D2E2}
		{4C8EBEB5-20E1-4EED-B272-E358A582C472} = {86DF73FB-6AE1-40CF-9536-D1E91D39D2E2}
		{0ED68D07-DBA1-4AA6-B736-44003F21A4CA} = {86DF73FB-6AE1-40CF-9536-D1E91D39D2E2}
		{EB0E9CB0-642B-43D7-BA7C-28757BCCD215} = {E43C653E-C18F-4866-9F1E-638925A315E4}
		{51C7AA7C-723C-472C-99D6-6FB9177B4B57} = {6DF37BFF-42BE-418B-8556-4354A79CECB8}
		{C8487EA5-4D19-49D1-9D88-8FAAB87F2879} = {E43C653E-C18F-4866-9F1E-638925A315E4}
		{EC9E6973-9644-4907-8F91-8A941D4E7E46} = {E43C653E-C18F-4866-9F1E-638925A315E4}
		{798DC8DD-814D-422F-A74E-5919266EB3EF} = {E43C653E-C18F-4866-9F1E-638925A315E4}
		{FC6B3DF6-8B31-4551-B926-5187C6BCB7A3} = {6DF37BFF-42BE-418B-8556-4354A79CECB8}
		{2F5D39EC-21A0-4F3F-90F7-1C3B6B2DE5DD} = {41DF6FDC-46B1-4610-A756-B8E1251FC2A8}
		{B7C34DC2-6767-4E57-B2E3-CBB584FA9231} = {41DF6FDC-46B1-4610-A756-B8E1251FC2A8}
		{FB9FD2F3-8BDE-419E-9B32-BD28091FBA37} = {41DF6FDC-46B1-4610-A756-B8E1251FC2A8}
		{C62142D7-7095-4164-BF15-7B69787221E1} = {6DF37BFF-42BE-418B-8556-4354A79CECB8}
		{5AFC131A-03C4-4B38-8436-3A40E1A28A76} = {6ABD4688-6130-4C47-B8FD-E345F4D0C5FC}
		{2017725A-8FAD-44CB-A0B9-67D8E1FE3F1A} = {904096B1-1D27-4C05-92F9-56126A5F91B2}
		{640515AD-C003-4996-8944-B5EBD80EDD06} = {6ABD4688-6130-4C47-B8FD-E345F4D0C5FC}
		{C26083A6-6399-4661-B3A4-AD46CF13D7C9} = {8B56EEFF-7026-4D28-9A8E-499765367DC5}
		{4BE51DBB-3502-4C0F-9B0A-C2257AF5AE8A} = {8B56EEFF-7026-4D28-9A8E-499765367DC5}
		{F3218D63-FAE0-41A8-B435-4FAFAD846267} = {904096B1-1D27-4C05-92F9-56126A5F91B2}
		{84E25208-3601-40F1-8C85-F1A3309A6379} = {904096B1-1D27-4C05-92F9-56126A5F91B2}
		{FE479732-B74E-45AB-AC36-E594C09FB1F2} = {6DF37BFF-42BE-418B-8556-4354A79CECB8}
		{4A186E67-2A3E-4C59-9D4D-0930D48E45BB} = {8B56EEFF-7026-4D28-9A8E-499765367DC5}
		{2D1042CC-1A30-4E76-9F20-48A9284C1CE1} = {E43C653E-C18F-4866-9F1E-638925A315E4}
		{597D89D6-3314-4C26-B828-5E03339E0A6C} = {E43C653E-C18F-4866-9F1E-638925A315E4}
		{12791E43-7356-45BD-A5A0-407EB9465EE2} = {904096B1-1D27-4C05-92F9-56126A5F91B2}
		{A261ED67-8C22-41E5-9119-D29CBDA18257} = {904096B1-1D27-4C05-92F9-56126A5F91B2}
		{96D5401F-FA6A-4BC7-AF2D-FC2CDC0C94C6} = {904096B1-1D27-4C05-92F9-56126A5F91B2}
		{44B34586-9916-4912-86D2-C7D1DBFB592D} = {904096B1-1D27-4C05-92F9-56126A5F91B2}
		{6E0BA92D-7328-46F8-A93E-3447CE66A21F} = {904096B1-1D27-4C05-92F9-56126A5F91B2}
		{7F6BECCF-51CE-4E5C-AE66-7386B549BE54} = {904096B1-1D27-4C05-92F9-56126A5F91B2}
		{B1657572-8144-4C70-83C8-A54D04768A75} = {904096B1-1D27-4C05-92F9-56126A5F91B2}
		{106D06FC-E62B-438D-A339-3671054FAC0B} = {41DF6FDC-46B1-4610-A756-B8E1251FC2A8}
		{80849109-EE8D-44B6-9F28-F3803A252F4A} = {41DF6FDC-46B1-4610-A756-B8E1251FC2A8}
		{C19DE686-8D24-46C5-ADE9-F38EFC500E86} = {904096B1-1D27-4C05-92F9-56126A5F91B2}
		{415A926E-4D3B-4A29-A023-86E63453B591} = {E43C653E-C18F-4866-9F1E-638925A315E4}
		{67409F91-A702-41EB-B928-B51B78229E26} = {6DF37BFF-42BE-418B-8556-4354A79CECB8}
	EndGlobalSection
EndGlobal
